
Microsoft Visual Studio Solution File, Format Version 12.00
# Visual Studio 15
VisualStudioVersion = 15.0.27130.0
MinimumVisualStudioVersion = 10.0.40219.1
Project("{8BC9CEB8-8B4A-11D0-8D11-00A0C91BC942}") = "basic", "basic\basic.vcxproj", "{5EB5F32B-F2FC-4FD9-A56F-B1A74693C8FE}"
EndProject
Global
	GlobalSection(SolutionConfigurationPlatforms) = preSolution
		Debug|x64 = Debug|x64
		Debug|x86 = Debug|x86
		Release|x64 = Release|x64
		Release|x86 = Release|x86
	EndGlobalSection
	GlobalSection(ProjectConfigurationPlatforms) = postSolution
		{5EB5F32B-F2FC-4FD9-A56F-B1A74693C8FE}.Debug|x64.ActiveCfg = Debug|x64
		{5EB5F32B-F2FC-4FD9-A56F-B1A74693C8FE}.Debug|x64.Build.0 = Debug|x64
		{5EB5F32B-F2FC-4FD9-A56F-B1A74693C8FE}.Debug|x86.ActiveCfg = Debug|Win32
		{5EB5F32B-F2FC-4FD9-A56F-B1A74693C8FE}.Debug|x86.Build.0 = Debug|Win32
		{5EB5F32B-F2FC-4FD9-A56F-B1A74693C8FE}.Release|x64.ActiveCfg = Release|x64
		{5EB5F32B-F2FC-4FD9-A56F-B1A74693C8FE}.Release|x64.Build.0 = Release|x64
		{5EB5F32B-F2FC-4FD9-A56F-B1A74693C8FE}.Release|x86.ActiveCfg = Release|Win32
		{5EB5F32B-F2FC-4FD9-A56F-B1A74693C8FE}.Release|x86.Build.0 = Release|Win32
	EndGlobalSection
	GlobalSection(SolutionProperties) = preSolution
		HideSolutionNode = FALSE
	EndGlobalSection
	GlobalSection(ExtensibilityGlobals) = postSolution
		SolutionGuid = {DCCA0748-A4AE-4BF3-94DB-CFADD56E0576}
	EndGlobalSection
EndGlobal
